// !$*UTF8*$!
{
	archiveVersion = 1;
	classes = {
	};
	objectVersion = 46;
	objects = {

/* Begin PBXBuildFile section */
		60ECDE6005C95DCF12438F33 /* Pods.framework in Frameworks */ = {isa = PBXBuildFile; fileRef = 8F89EC9ED6EA77D6A930DD74 /* Pods.framework */; settings = {ATTRIBUTES = (Weak, ); }; };
		9D3011421BCCE1B000AAD5EC /* AppDelegate.swift in Sources */ = {isa = PBXBuildFile; fileRef = 9D3011411BCCE1B000AAD5EC /* AppDelegate.swift */; };
		9D3011441BCCE1B000AAD5EC /* FirstViewController.swift in Sources */ = {isa = PBXBuildFile; fileRef = 9D3011431BCCE1B000AAD5EC /* FirstViewController.swift */; };
		9D3011461BCCE1B000AAD5EC /* SecondViewController.swift in Sources */ = {isa = PBXBuildFile; fileRef = 9D3011451BCCE1B000AAD5EC /* SecondViewController.swift */; };
		9D3011491BCCE1B000AAD5EC /* Main.storyboard in Resources */ = {isa = PBXBuildFile; fileRef = 9D3011471BCCE1B000AAD5EC /* Main.storyboard */; };
		9D30114B1BCCE1B000AAD5EC /* Assets.xcassets in Resources */ = {isa = PBXBuildFile; fileRef = 9D30114A1BCCE1B000AAD5EC /* Assets.xcassets */; };
		9D30114E1BCCE1B000AAD5EC /* LaunchScreen.storyboard in Resources */ = {isa = PBXBuildFile; fileRef = 9D30114C1BCCE1B000AAD5EC /* LaunchScreen.storyboard */; };
		9D3011581BCCE28300AAD5EC /* MyAwesomeView.swift in Sources */ = {isa = PBXBuildFile; fileRef = 9D3011571BCCE28300AAD5EC /* MyAwesomeView.swift */; settings = {ASSET_TAGS = (); }; };
/* End PBXBuildFile section */

/* Begin PBXFileReference section */
		8F89EC9ED6EA77D6A930DD74 /* Pods.framework */ = {isa = PBXFileReference; explicitFileType = wrapper.framework; includeInIndex = 0; path = Pods.framework; sourceTree = BUILT_PRODUCTS_DIR; };
		9D30113E1BCCE1B000AAD5EC /* STP Example.app */ = {isa = PBXFileReference; explicitFileType = wrapper.application; includeInIndex = 0; path = "STP Example.app"; sourceTree = BUILT_PRODUCTS_DIR; };
		9D3011411BCCE1B000AAD5EC /* AppDelegate.swift */ = {isa = PBXFileReference; lastKnownFileType = sourcecode.swift; path = AppDelegate.swift; sourceTree = "<group>"; };
		9D3011431BCCE1B000AAD5EC /* FirstViewController.swift */ = {isa = PBXFileReference; lastKnownFileType = sourcecode.swift; path = FirstViewController.swift; sourceTree = "<group>"; };
		9D3011451BCCE1B000AAD5EC /* SecondViewController.swift */ = {isa = PBXFileReference; lastKnownFileType = sourcecode.swift; path = SecondViewController.swift; sourceTree = "<group>"; };
		9D3011481BCCE1B000AAD5EC /* Base */ = {isa = PBXFileReference; lastKnownFileType = file.storyboard; name = Base; path = Base.lproj/Main.storyboard; sourceTree = "<group>"; };
		9D30114A1BCCE1B000AAD5EC /* Assets.xcassets */ = {isa = PBXFileReference; lastKnownFileType = folder.assetcatalog; path = Assets.xcassets; sourceTree = "<group>"; };
		9D30114D1BCCE1B000AAD5EC /* Base */ = {isa = PBXFileReference; lastKnownFileType = file.storyboard; name = Base; path = Base.lproj/LaunchScreen.storyboard; sourceTree = "<group>"; };
		9D30114F1BCCE1B000AAD5EC /* Info.plist */ = {isa = PBXFileReference; lastKnownFileType = text.plist.xml; path = Info.plist; sourceTree = "<group>"; };
		9D3011571BCCE28300AAD5EC /* MyAwesomeView.swift */ = {isa = PBXFileReference; fileEncoding = 4; lastKnownFileType = sourcecode.swift; path = MyAwesomeView.swift; sourceTree = "<group>"; };
		D383D24BF185EA3F43B6D72A /* Pods.debug.xcconfig */ = {isa = PBXFileReference; includeInIndex = 1; lastKnownFileType = text.xcconfig; name = Pods.debug.xcconfig; path = "Pods/Target Support Files/Pods/Pods.debug.xcconfig"; sourceTree = "<group>"; };
		E209F0006105DC99C23987C3 /* Pods.release.xcconfig */ = {isa = PBXFileReference; includeInIndex = 1; lastKnownFileType = text.xcconfig; name = Pods.release.xcconfig; path = "Pods/Target Support Files/Pods/Pods.release.xcconfig"; sourceTree = "<group>"; };
/* End PBXFileReference section */

/* Begin PBXFrameworksBuildPhase section */
		9D30113B1BCCE1B000AAD5EC /* Frameworks */ = {
			isa = PBXFrameworksBuildPhase;
			buildActionMask = 2147483647;
			files = (
				60ECDE6005C95DCF12438F33 /* Pods.framework in Frameworks */,
			);
			runOnlyForDeploymentPostprocessing = 0;
		};
/* End PBXFrameworksBuildPhase section */

/* Begin PBXGroup section */
		0287D4BBB1611E1BE763A99B /* Pods */ = {
			isa = PBXGroup;
			children = (
				D383D24BF185EA3F43B6D72A /* Pods.debug.xcconfig */,
				E209F0006105DC99C23987C3 /* Pods.release.xcconfig */,
			);
			name = Pods;
			sourceTree = "<group>";
		};
		9D3011351BCCE1B000AAD5EC = {
			isa = PBXGroup;
			children = (
				9D3011401BCCE1B000AAD5EC /* STP Example */,
				9D30113F1BCCE1B000AAD5EC /* Products */,
				0287D4BBB1611E1BE763A99B /* Pods */,
				CAB6C5375998D32D7B91A7D1 /* Frameworks */,
			);
			sourceTree = "<group>";
		};
		9D30113F1BCCE1B000AAD5EC /* Products */ = {
			isa = PBXGroup;
			children = (
				9D30113E1BCCE1B000AAD5EC /* STP Example.app */,
			);
			name = Products;
			sourceTree = "<group>";
		};
		9D3011401BCCE1B000AAD5EC /* STP Example */ = {
			isa = PBXGroup;
			children = (
				9D3011411BCCE1B000AAD5EC /* AppDelegate.swift */,
				9D3011431BCCE1B000AAD5EC /* FirstViewController.swift */,
				9D3011451BCCE1B000AAD5EC /* SecondViewController.swift */,
				9D3011571BCCE28300AAD5EC /* MyAwesomeView.swift */,
				9D3011471BCCE1B000AAD5EC /* Main.storyboard */,
				9D30114A1BCCE1B000AAD5EC /* Assets.xcassets */,
				9D30114C1BCCE1B000AAD5EC /* LaunchScreen.storyboard */,
				9D30114F1BCCE1B000AAD5EC /* Info.plist */,
			);
			path = "STP Example";
			sourceTree = "<group>";
		};
		CAB6C5375998D32D7B91A7D1 /* Frameworks */ = {
			isa = PBXGroup;
			children = (
				8F89EC9ED6EA77D6A930DD74 /* Pods.framework */,
			);
			name = Frameworks;
			sourceTree = "<group>";
		};
/* End PBXGroup section */

/* Begin PBXNativeTarget section */
		9D30113D1BCCE1B000AAD5EC /* STP Example */ = {
			isa = PBXNativeTarget;
			buildConfigurationList = 9D3011521BCCE1B000AAD5EC /* Build configuration list for PBXNativeTarget "STP Example" */;
			buildPhases = (
				467213A43DD9185560C5D21E /* Check Pods Manifest.lock */,
				9D30113A1BCCE1B000AAD5EC /* Sources */,
				9D30113B1BCCE1B000AAD5EC /* Frameworks */,
				9D30113C1BCCE1B000AAD5EC /* Resources */,
				EB41CB3CEEDC007A7151422F /* Embed Pods Frameworks */,
				DB7EA782BC2567123B7B3A75 /* Copy Pods Resources */,
			);
			buildRules = (
			);
			dependencies = (
			);
			name = "STP Example";
			productName = "STP Example";
			productReference = 9D30113E1BCCE1B000AAD5EC /* STP Example.app */;
			productType = "com.apple.product-type.application";
		};
/* End PBXNativeTarget section */

/* Begin PBXProject section */
		9D3011361BCCE1B000AAD5EC /* Project object */ = {
			isa = PBXProject;
			attributes = {
				LastUpgradeCheck = 0700;
				ORGANIZATIONNAME = Because;
				TargetAttributes = {
					9D30113D1BCCE1B000AAD5EC = {
						CreatedOnToolsVersion = 7.0;
					};
				};
			};
			buildConfigurationList = 9D3011391BCCE1B000AAD5EC /* Build configuration list for PBXProject "STP Example" */;
			compatibilityVersion = "Xcode 3.2";
			developmentRegion = English;
			hasScannedForEncodings = 0;
			knownRegions = (
				en,
				Base,
			);
			mainGroup = 9D3011351BCCE1B000AAD5EC;
			productRefGroup = 9D30113F1BCCE1B000AAD5EC /* Products */;
			projectDirPath = "";
			projectRoot = "";
			targets = (
				9D30113D1BCCE1B000AAD5EC /* STP Example */,
			);
		};
/* End PBXProject section */

/* Begin PBXResourcesBuildPhase section */
		9D30113C1BCCE1B000AAD5EC /* Resources */ = {
			isa = PBXResourcesBuildPhase;
			buildActionMask = 2147483647;
			files = (
				9D30114E1BCCE1B000AAD5EC /* LaunchScreen.storyboard in Resources */,
				9D30114B1BCCE1B000AAD5EC /* Assets.xcassets in Resources */,
				9D3011491BCCE1B000AAD5EC /* Main.storyboard in Resources */,
			);
			runOnlyForDeploymentPostprocessing = 0;
		};
/* End PBXResourcesBuildPhase section */

/* Begin PBXShellScriptBuildPhase section */
		467213A43DD9185560C5D21E /* Check Pods Manifest.lock */ = {
			isa = PBXShellScriptBuildPhase;
			buildActionMask = 2147483647;
			files = (
			);
			inputPaths = (
			);
			name = "Check Pods Manifest.lock";
			outputPaths = (
			);
			runOnlyForDeploymentPostprocessing = 0;
			shellPath = /bin/sh;
			shellScript = "diff \"${PODS_ROOT}/../Podfile.lock\" \"${PODS_ROOT}/Manifest.lock\" > /dev/null\nif [[ $? != 0 ]] ; then\n    cat << EOM\nerror: The sandbox is not in sync with the Podfile.lock. Run 'pod install' or update your CocoaPods installation.\nEOM\n    exit 1\nfi\n";
			showEnvVarsInLog = 0;
		};
		DB7EA782BC2567123B7B3A75 /* Copy Pods Resources */ = {
			isa = PBXShellScriptBuildPhase;
			buildActionMask = 2147483647;
			files = (
			);
			inputPaths = (
			);
			name = "Copy Pods Resources";
			outputPaths = (
			);
			runOnlyForDeploymentPostprocessing = 0;
			shellPath = /bin/sh;
			shellScript = "\"${SRCROOT}/Pods/Target Support Files/Pods/Pods-resources.sh\"\n";
			showEnvVarsInLog = 0;
		};
		EB41CB3CEEDC007A7151422F /* Embed Pods Frameworks */ = {
			isa = PBXShellScriptBuildPhase;
			buildActionMask = 2147483647;
			files = (
			);
			inputPaths = (
			);
			name = "Embed Pods Frameworks";
			outputPaths = (
			);
			runOnlyForDeploymentPostprocessing = 0;
			shellPath = /bin/sh;
			shellScript = "\"${SRCROOT}/Pods/Target Support Files/Pods/Pods-frameworks.sh\"\n";
			showEnvVarsInLog = 0;
		};
/* End PBXShellScriptBuildPhase section */

/* Begin PBXSourcesBuildPhase section */
		9D30113A1BCCE1B000AAD5EC /* Sources */ = {
			isa = PBXSourcesBuildPhase;
			buildActionMask = 2147483647;
			files = (
				9D3011581BCCE28300AAD5EC /* MyAwesomeView.swift in Sources */,
				9D3011461BCCE1B000AAD5EC /* SecondViewController.swift in Sources */,
				9D3011421BCCE1B000AAD5EC /* AppDelegate.swift in Sources */,
				9D3011441BCCE1B000AAD5EC /* FirstViewController.swift in Sources */,
			);
			runOnlyForDeploymentPostprocessing = 0;
		};
/* End PBXSourcesBuildPhase section */

/* Begin PBXVariantGroup section */
		9D3011471BCCE1B000AAD5EC /* Main.storyboard */ = {
			isa = PBXVariantGroup;
			children = (
				9D3011481BCCE1B000AAD5EC /* Base */,
			);
			name = Main.storyboard;
			sourceTree = "<group>";
		};
		9D30114C1BCCE1B000AAD5EC /* LaunchScreen.storyboard */ = {
			isa = PBXVariantGroup;
			children = (
				9D30114D1BCCE1B000AAD5EC /* Base */,
			);
			name = LaunchScreen.storyboard;
			sourceTree = "<group>";
		};
/* End PBXVariantGroup section */

/* Begin XCBuildConfiguration section */
		9D3011501BCCE1B000AAD5EC /* Debug */ = {
			isa = XCBuildConfiguration;
			buildSettings = {
				ALWAYS_SEARCH_USER_PATHS = NO;
				CLANG_CXX_LANGUAGE_STANDARD = "gnu++0x";
				CLANG_CXX_LIBRARY = "libc++";
				CLANG_ENABLE_MODULES = YES;
				CLANG_ENABLE_OBJC_ARC = YES;
				CLANG_WARN_BOOL_CONVERSION = YES;
				CLANG_WARN_CONSTANT_CONVERSION = YES;
				CLANG_WARN_DIRECT_OBJC_ISA_USAGE = YES_ERROR;
				CLANG_WARN_EMPTY_BODY = YES;
				CLANG_WARN_ENUM_CONVERSION = YES;
				CLANG_WARN_INT_CONVERSION = YES;
				CLANG_WARN_OBJC_ROOT_CLASS = YES_ERROR;
				CLANG_WARN_UNREACHABLE_CODE = YES;
				CLANG_WARN__DUPLICATE_METHOD_MATCH = YES;
				"CODE_SIGN_IDENTITY[sdk=iphoneos*]" = "iPhone Developer";
				COPY_PHASE_STRIP = NO;
				DEBUG_INFORMATION_FORMAT = dwarf;
				ENABLE_STRICT_OBJC_MSGSEND = YES;
				ENABLE_TESTABILITY = YES;
				GCC_C_LANGUAGE_STANDARD = gnu99;
				GCC_DYNAMIC_NO_PIC = NO;
				GCC_NO_COMMON_BLOCKS = YES;
				GCC_OPTIMIZATION_LEVEL = 0;
				GCC_PREPROCESSOR_DEFINITIONS = (
					"DEBUG=1",
					"$(inherited)",
				);
				GCC_WARN_64_TO_32_BIT_CONVERSION = YES;
				GCC_WARN_ABOUT_RETURN_TYPE = YES_ERROR;
				GCC_WARN_UNDECLARED_SELECTOR = YES;
				GCC_WARN_UNINITIALIZED_AUTOS = YES_AGGRESSIVE;
				GCC_WARN_UNUSED_FUNCTION = YES;
				GCC_WARN_UNUSED_VARIABLE = YES;
				IPHONEOS_DEPLOYMENT_TARGET = 9.0;
				MTL_ENABLE_DEBUG_INFO = YES;
				ONLY_ACTIVE_ARCH = YES;
				SDKROOT = iphoneos;
				SWIFT_OPTIMIZATION_LEVEL = "-Onone";
			};
			name = Debug;
		};
		9D3011511BCCE1B000AAD5EC /* Release */ = {
			isa = XCBuildConfiguration;
			buildSettings = {
				ALWAYS_SEARCH_USER_PATHS = NO;
				CLANG_CXX_LANGUAGE_STANDARD = "gnu++0x";
				CLANG_CXX_LIBRARY = "libc++";
				CLANG_ENABLE_MODULES = YES;
				CLANG_ENABLE_OBJC_ARC = YES;
				CLANG_WARN_BOOL_CONVERSION = YES;
				CLANG_WARN_CONSTANT_CONVERSION = YES;
				CLANG_WARN_DIRECT_OBJC_ISA_USAGE = YES_ERROR;
				CLANG_WARN_EMPTY_BODY = YES;
				CLANG_WARN_ENUM_CONVERSION = YES;
				CLANG_WARN_INT_CONVERSION = YES;
				CLANG_WARN_OBJC_ROOT_CLASS = YES_ERROR;
				CLANG_WARN_UNREACHABLE_CODE = YES;
				CLANG_WARN__DUPLICATE_METHOD_MATCH = YES;
				"CODE_SIGN_IDENTITY[sdk=iphoneos*]" = "iPhone Developer";
				COPY_PHASE_STRIP = NO;
				DEBUG_INFORMATION_FORMAT = "dwarf-with-dsym";
				ENABLE_NS_ASSERTIONS = NO;
				ENABLE_STRICT_OBJC_MSGSEND = YES;
				GCC_C_LANGUAGE_STANDARD = gnu99;
				GCC_NO_COMMON_BLOCKS = YES;
				GCC_WARN_64_TO_32_BIT_CONVERSION = YES;
				GCC_WARN_ABOUT_RETURN_TYPE = YES_ERROR;
				GCC_WARN_UNDECLARED_SELECTOR = YES;
				GCC_WARN_UNINITIALIZED_AUTOS = YES_AGGRESSIVE;
				GCC_WARN_UNUSED_FUNCTION = YES;
				GCC_WARN_UNUSED_VARIABLE = YES;
				IPHONEOS_DEPLOYMENT_TARGET = 9.0;
				MTL_ENABLE_DEBUG_INFO = NO;
				SDKROOT = iphoneos;
				VALIDATE_PRODUCT = YES;
			};
			name = Release;
		};
		9D3011531BCCE1B000AAD5EC /* Debug */ = {
			isa = XCBuildConfiguration;
			baseConfigurationReference = D383D24BF185EA3F43B6D72A /* Pods.debug.xcconfig */;
			buildSettings = {
				ASSETCATALOG_COMPILER_APPICON_NAME = AppIcon;
				INFOPLIST_FILE = "STP Example/Info.plist";
				LD_RUNPATH_SEARCH_PATHS = "$(inherited) @executable_path/Frameworks";
				PRODUCT_BUNDLE_IDENTIFIER = "because.STP-Example";
				PRODUCT_NAME = "$(TARGET_NAME)";
			};
			name = Debug;
		};
		9D3011541BCCE1B000AAD5EC /* Release */ = {
			isa = XCBuildConfiguration;
			baseConfigurationReference = E209F0006105DC99C23987C3 /* Pods.release.xcconfig */;
			buildSettings = {
				ASSETCATALOG_COMPILER_APPICON_NAME = AppIcon;
				INFOPLIST_FILE = "STP Example/Info.plist";
				LD_RUNPATH_SEARCH_PATHS = "$(inherited) @executable_path/Frameworks";
				PRODUCT_BUNDLE_IDENTIFIER = "because.STP-Example";
				PRODUCT_NAME = "$(TARGET_NAME)";
			};
			name = Release;
		};
/* End XCBuildConfiguration section */

/* Begin XCConfigurationList section */
		9D3011391BCCE1B000AAD5EC /* Build configuration list for PBXProject "STP Example" */ = {
			isa = XCConfigurationList;
			buildConfigurations = (
				9D3011501BCCE1B000AAD5EC /* Debug */,
				9D3011511BCCE1B000AAD5EC /* Release */,
			);
			defaultConfigurationIsVisible = 0;
			defaultConfigurationName = Release;
		};
		9D3011521BCCE1B000AAD5EC /* Build configuration list for PBXNativeTarget "STP Example" */ = {
			isa = XCConfigurationList;
			buildConfigurations = (
				9D3011531BCCE1B000AAD5EC /* Debug */,
				9D3011541BCCE1B000AAD5EC /* Release */,
			);
			defaultConfigurationIsVisible = 0;
			defaultConfigurationName = Release;
		};
/* End XCConfigurationList section */
	};
	rootObject = 9D3011361BCCE1B000AAD5EC /* Project object */;
}
